
Microsoft Visual Studio Solution File, Format Version 12.00
# Visual Studio Version 16
VisualStudioVersion = 16.0.29215.179
MinimumVisualStudioVersion = 10.0.40219.1
Project("{FAE04EC0-301F-11D3-BF4B-00C04F79EFBC}") = "BetcherSortApp", "BetcherSortApp.csproj", "{36D6D74E-A2C0-434D-9EBD-1B77FA106F74}"
EndProject
Global
	GlobalSection(SolutionConfigurationPlatforms) = preSolution
		Debug|Any CPU = Debug|Any CPU
		Release|Any CPU = Release|Any CPU
	EndGlobalSection
	GlobalSection(ProjectConfigurationPlatforms) = postSolution
		{36D6D74E-A2C0-434D-9EBD-1B77FA106F74}.Debug|Any CPU.ActiveCfg = Debug|Any CPU
		{36D6D74E-A2C0-434D-9EBD-1B77FA106F74}.Debug|Any CPU.Build.0 = Debug|Any CPU
		{36D6D74E-A2C0-434D-9EBD-1B77FA106F74}.Release|Any CPU.ActiveCfg = Release|Any CPU
		{36D6D74E-A2C0-434D-9EBD-1B77FA106F74}.Release|Any CPU.Build.0 = Release|Any CPU
	EndGlobalSection
	GlobalSection(SolutionProperties) = preSolution
		HideSolutionNode = FALSE
	EndGlobalSection
	GlobalSection(ExtensibilityGlobals) = postSolution
		SolutionGuid = {0D7974B9-5EF7-408B-833A-A147C660C6A9}
	EndGlobalSection
EndGlobal
